
Microsoft Visual Studio Solution File, Format Version 12.00
# Visual Studio Version 17
VisualStudioVersion = 17.7.34031.279
MinimumVisualStudioVersion = 10.0.40219.1
Project("{FAE04EC0-301F-11D3-BF4B-00C04F79EFBC}") = "InvoiceAPI", "InvoiceAPI\InvoiceAPI.csproj", "{FC3CC240-6DF6-428C-A3D9-C236D31A53A4}"
EndProject
Global
	GlobalSection(SolutionConfigurationPlatforms) = preSolution
		Debug|Any CPU = Debug|Any CPU
		Release|Any CPU = Release|Any CPU
	EndGlobalSection
	GlobalSection(ProjectConfigurationPlatforms) = postSolution
		{FC3CC240-6DF6-428C-A3D9-C236D31A53A4}.Debug|Any CPU.ActiveCfg = Debug|Any CPU
		{FC3CC240-6DF6-428C-A3D9-C236D31A53A4}.Debug|Any CPU.Build.0 = Debug|Any CPU
		{FC3CC240-6DF6-428C-A3D9-C236D31A53A4}.Release|Any CPU.ActiveCfg = Release|Any CPU
		{FC3CC240-6DF6-428C-A3D9-C236D31A53A4}.Release|Any CPU.Build.0 = Release|Any CPU
	EndGlobalSection
	GlobalSection(SolutionProperties) = preSolution
		HideSolutionNode = FALSE
	EndGlobalSection
	GlobalSection(ExtensibilityGlobals) = postSolution
		SolutionGuid = {DC5D0551-B092-42AB-8EB5-29481DC444F0}
	EndGlobalSection
EndGlobal
